
Microsoft Visual Studio Solution File, Format Version 12.00
# Visual Studio Version 16
VisualStudioVersion = 16.0.30711.63
MinimumVisualStudioVersion = 10.0.40219.1
Project("{9A19103F-16F7-4668-BE54-9A1E7A4F7556}") = "HTTP Web Server", "HTTP Web Server\HTTP Web Server.csproj", "{54435603-DBB4-11D2-8724-00A0C9A8B90C}"
EndProject
Global
	GlobalSection(SolutionConfigurationPlatforms) = preSolution
		Debug|Any CPU = Debug|Any CPU
		Debug|x64 = Debug|x64
		Linux_Release|Any CPU = Linux_Release|Any CPU
		Linux_Release|x64 = Linux_Release|x64
		Release|Any CPU = Release|Any CPU
		Release|x64 = Release|x64
		X64 Release|Any CPU = X64 Release|Any CPU
		X64 Release|x64 = X64 Release|x64
	EndGlobalSection
	GlobalSection(ProjectConfigurationPlatforms) = postSolution
		{54435603-DBB4-11D2-8724-00A0C9A8B90C}.Debug|Any CPU.ActiveCfg = Debug|Any CPU
		{54435603-DBB4-11D2-8724-00A0C9A8B90C}.Debug|Any CPU.Build.0 = Debug|Any CPU
		{54435603-DBB4-11D2-8724-00A0C9A8B90C}.Debug|x64.ActiveCfg = Debug|x64
		{54435603-DBB4-11D2-8724-00A0C9A8B90C}.Debug|x64.Build.0 = Debug|x64
		{54435603-DBB4-11D2-8724-00A0C9A8B90C}.Linux_Release|Any CPU.ActiveCfg = Linux_Release|Any CPU
		{54435603-DBB4-11D2-8724-00A0C9A8B90C}.Linux_Release|Any CPU.Build.0 = Linux_Release|Any CPU
		{54435603-DBB4-11D2-8724-00A0C9A8B90C}.Linux_Release|x64.ActiveCfg = Linux_Release|x64
		{54435603-DBB4-11D2-8724-00A0C9A8B90C}.Linux_Release|x64.Build.0 = Linux_Release|x64
		{54435603-DBB4-11D2-8724-00A0C9A8B90C}.Release|Any CPU.ActiveCfg = Release|Any CPU
		{54435603-DBB4-11D2-8724-00A0C9A8B90C}.Release|Any CPU.Build.0 = Release|Any CPU
		{54435603-DBB4-11D2-8724-00A0C9A8B90C}.Release|x64.ActiveCfg = Release|x64
		{54435603-DBB4-11D2-8724-00A0C9A8B90C}.Release|x64.Build.0 = Release|x64
		{54435603-DBB4-11D2-8724-00A0C9A8B90C}.X64 Release|Any CPU.ActiveCfg = X64 Release|Any CPU
		{54435603-DBB4-11D2-8724-00A0C9A8B90C}.X64 Release|Any CPU.Build.0 = X64 Release|Any CPU
		{54435603-DBB4-11D2-8724-00A0C9A8B90C}.X64 Release|x64.ActiveCfg = X64 Release|x64
		{54435603-DBB4-11D2-8724-00A0C9A8B90C}.X64 Release|x64.Build.0 = X64 Release|x64
	EndGlobalSection
	GlobalSection(SolutionProperties) = preSolution
		HideSolutionNode = FALSE
	EndGlobalSection
	GlobalSection(ExtensibilityGlobals) = postSolution
		SolutionGuid = {52A77805-B13C-49E8-9F05-6EFFCF943474}
	EndGlobalSection
EndGlobal
